
Microsoft Visual Studio Solution File, Format Version 12.00
# Visual Studio Version 17
VisualStudioVersion = 17.10.34916.146
MinimumVisualStudioVersion = 10.0.40219.1
Project("{9A19103F-16F7-4668-BE54-9A1E7A4F7556}") = "Rotation.API", "API\Rotation.API.csproj", "{FE155740-147B-47A0-ACC7-95ED8C57E46B}"
EndProject
Project("{9A19103F-16F7-4668-BE54-9A1E7A4F7556}") = "Rotation.Domain", "Rotation.Domain\Rotation.Domain.csproj", "{E5F4FBD8-38AE-4DAF-9A9B-381C998CF19F}"
EndProject
Project("{9A19103F-16F7-4668-BE54-9A1E7A4F7556}") = "Rotation.Infra", "Rotation.Infra\Rotation.Infra.csproj", "{7FA1ADC1-1E0D-45C5-817F-55F800CA691E}"
EndProject
Project("{FAE04EC0-301F-11D3-BF4B-00C04F79EFBC}") = "Rotation.Application", "Rotation.Application\Rotation.Application.csproj", "{E5FA99E4-442D-443F-9E23-64959293BC49}"
EndProject
Project("{FAE04EC0-301F-11D3-BF4B-00C04F79EFBC}") = "Rotation.Infra.Tests", "Rotation.Infra.Tests\Rotation.Infra.Tests.csproj", "{523EDC3D-DB7C-4A4B-AC0D-D448F178136F}"
EndProject
Global
	GlobalSection(SolutionConfigurationPlatforms) = preSolution
		Debug|Any CPU = Debug|Any CPU
		Release|Any CPU = Release|Any CPU
	EndGlobalSection
	GlobalSection(ProjectConfigurationPlatforms) = postSolution
		{FE155740-147B-47A0-ACC7-95ED8C57E46B}.Debug|Any CPU.ActiveCfg = Debug|Any CPU
		{FE155740-147B-47A0-ACC7-95ED8C57E46B}.Debug|Any CPU.Build.0 = Debug|Any CPU
		{FE155740-147B-47A0-ACC7-95ED8C57E46B}.Release|Any CPU.ActiveCfg = Release|Any CPU
		{FE155740-147B-47A0-ACC7-95ED8C57E46B}.Release|Any CPU.Build.0 = Release|Any CPU
		{E5F4FBD8-38AE-4DAF-9A9B-381C998CF19F}.Debug|Any CPU.ActiveCfg = Debug|Any CPU
		{E5F4FBD8-38AE-4DAF-9A9B-381C998CF19F}.Debug|Any CPU.Build.0 = Debug|Any CPU
		{E5F4FBD8-38AE-4DAF-9A9B-381C998CF19F}.Release|Any CPU.ActiveCfg = Release|Any CPU
		{E5F4FBD8-38AE-4DAF-9A9B-381C998CF19F}.Release|Any CPU.Build.0 = Release|Any CPU
		{7FA1ADC1-1E0D-45C5-817F-55F800CA691E}.Debug|Any CPU.ActiveCfg = Debug|Any CPU
		{7FA1ADC1-1E0D-45C5-817F-55F800CA691E}.Debug|Any CPU.Build.0 = Debug|Any CPU
		{7FA1ADC1-1E0D-45C5-817F-55F800CA691E}.Release|Any CPU.ActiveCfg = Release|Any CPU
		{7FA1ADC1-1E0D-45C5-817F-55F800CA691E}.Release|Any CPU.Build.0 = Release|Any CPU
		{E5FA99E4-442D-443F-9E23-64959293BC49}.Debug|Any CPU.ActiveCfg = Debug|Any CPU
		{E5FA99E4-442D-443F-9E23-64959293BC49}.Debug|Any CPU.Build.0 = Debug|Any CPU
		{E5FA99E4-442D-443F-9E23-64959293BC49}.Release|Any CPU.ActiveCfg = Release|Any CPU
		{E5FA99E4-442D-443F-9E23-64959293BC49}.Release|Any CPU.Build.0 = Release|Any CPU
		{523EDC3D-DB7C-4A4B-AC0D-D448F178136F}.Debug|Any CPU.ActiveCfg = Debug|Any CPU
		{523EDC3D-DB7C-4A4B-AC0D-D448F178136F}.Debug|Any CPU.Build.0 = Debug|Any CPU
		{523EDC3D-DB7C-4A4B-AC0D-D448F178136F}.Release|Any CPU.ActiveCfg = Release|Any CPU
		{523EDC3D-DB7C-4A4B-AC0D-D448F178136F}.Release|Any CPU.Build.0 = Release|Any CPU
	EndGlobalSection
	GlobalSection(SolutionProperties) = preSolution
		HideSolutionNode = FALSE
	EndGlobalSection
	GlobalSection(ExtensibilityGlobals) = postSolution
		SolutionGuid = {C2F87214-DB9E-4059-BB65-FF62B112B106}
	EndGlobalSection
EndGlobal
